
Microsoft Visual Studio Solution File, Format Version 12.00
# Visual Studio Version 16
VisualStudioVersion = 16.0.30128.74
MinimumVisualStudioVersion = 10.0.40219.1
Project("{FAE04EC0-301F-11D3-BF4B-00C04F79EFBC}") = "Client", "Client\Client.csproj", "{AA604081-0F1C-4951-AB06-2EA07EB2B595}"
EndProject
Project("{FAE04EC0-301F-11D3-BF4B-00C04F79EFBC}") = "Server", "Server\Server.csproj", "{CEC354A0-6A4C-4550-B18F-4C009D98D731}"
EndProject
Global
	GlobalSection(SolutionConfigurationPlatforms) = preSolution
		Debug|Any CPU = Debug|Any CPU
		Release|Any CPU = Release|Any CPU
	EndGlobalSection
	GlobalSection(ProjectConfigurationPlatforms) = postSolution
		{AA604081-0F1C-4951-AB06-2EA07EB2B595}.Debug|Any CPU.ActiveCfg = Debug|Any CPU
		{AA604081-0F1C-4951-AB06-2EA07EB2B595}.Debug|Any CPU.Build.0 = Debug|Any CPU
		{AA604081-0F1C-4951-AB06-2EA07EB2B595}.Release|Any CPU.ActiveCfg = Release|Any CPU
		{AA604081-0F1C-4951-AB06-2EA07EB2B595}.Release|Any CPU.Build.0 = Release|Any CPU
		{CEC354A0-6A4C-4550-B18F-4C009D98D731}.Debug|Any CPU.ActiveCfg = Debug|Any CPU
		{CEC354A0-6A4C-4550-B18F-4C009D98D731}.Debug|Any CPU.Build.0 = Debug|Any CPU
		{CEC354A0-6A4C-4550-B18F-4C009D98D731}.Release|Any CPU.ActiveCfg = Release|Any CPU
		{CEC354A0-6A4C-4550-B18F-4C009D98D731}.Release|Any CPU.Build.0 = Release|Any CPU
	EndGlobalSection
	GlobalSection(SolutionProperties) = preSolution
		HideSolutionNode = FALSE
	EndGlobalSection
	GlobalSection(ExtensibilityGlobals) = postSolution
		SolutionGuid = {87BCF8BE-F394-4DEE-B050-927EA0DEC69D}
	EndGlobalSection
EndGlobal
